
Microsoft Visual Studio Solution File, Format Version 12.00
# Visual Studio 2013
VisualStudioVersion = 12.0.31101.0
MinimumVisualStudioVersion = 10.0.40219.1
Project("{FAE04EC0-301F-11D3-BF4B-00C04F79EFBC}") = "E wallet", "FoodFromTheHeart\E wallet.csproj", "{6BCC05EC-7182-4464-8EAC-0BE7D5897B9C}"
EndProject
Project("{FAE04EC0-301F-11D3-BF4B-00C04F79EFBC}") = "BusinessLogicLayer", "BusinessLogicLayer\BusinessLogicLayer.csproj", "{62D04CAD-540B-46BD-9A9D-D11AC2E51BA4}"
EndProject
Project("{FAE04EC0-301F-11D3-BF4B-00C04F79EFBC}") = "DataAccessLayer", "DataAccessLayer\DataAccessLayer.csproj", "{BD84F541-8B9F-413F-B870-95F05EE4BADF}"
EndProject
Global
	GlobalSection(SolutionConfigurationPlatforms) = preSolution
		Debug|Any CPU = Debug|Any CPU
		Release|Any CPU = Release|Any CPU
	EndGlobalSection
	GlobalSection(ProjectConfigurationPlatforms) = postSolution
		{6BCC05EC-7182-4464-8EAC-0BE7D5897B9C}.Debug|Any CPU.ActiveCfg = Debug|Any CPU
		{6BCC05EC-7182-4464-8EAC-0BE7D5897B9C}.Debug|Any CPU.Build.0 = Debug|Any CPU
		{6BCC05EC-7182-4464-8EAC-0BE7D5897B9C}.Release|Any CPU.ActiveCfg = Release|Any CPU
		{6BCC05EC-7182-4464-8EAC-0BE7D5897B9C}.Release|Any CPU.Build.0 = Release|Any CPU
		{62D04CAD-540B-46BD-9A9D-D11AC2E51BA4}.Debug|Any CPU.ActiveCfg = Debug|Any CPU
		{62D04CAD-540B-46BD-9A9D-D11AC2E51BA4}.Debug|Any CPU.Build.0 = Debug|Any CPU
		{62D04CAD-540B-46BD-9A9D-D11AC2E51BA4}.Release|Any CPU.ActiveCfg = Release|Any CPU
		{62D04CAD-540B-46BD-9A9D-D11AC2E51BA4}.Release|Any CPU.Build.0 = Release|Any CPU
		{BD84F541-8B9F-413F-B870-95F05EE4BADF}.Debug|Any CPU.ActiveCfg = Debug|Any CPU
		{BD84F541-8B9F-413F-B870-95F05EE4BADF}.Debug|Any CPU.Build.0 = Debug|Any CPU
		{BD84F541-8B9F-413F-B870-95F05EE4BADF}.Release|Any CPU.ActiveCfg = Release|Any CPU
		{BD84F541-8B9F-413F-B870-95F05EE4BADF}.Release|Any CPU.Build.0 = Release|Any CPU
	EndGlobalSection
	GlobalSection(SolutionProperties) = preSolution
		HideSolutionNode = FALSE
	EndGlobalSection
EndGlobal
